PODS:
  - AppsFlyerFramework (7.0.1):
    - AppsFlyerFramework/Main (= 7.0.1)
  - AppsFlyerFramework/Main (7.0.1)

DEPENDENCIES:
  - AppsFlyerFramework

SPEC REPOS:
  trunk:
    - AppsFlyerFramework

SPEC CHECKSUMS:
  AppsFlyerFramework: 5fbe1765e5cf2a6b6ee4d170e6992881ce3c251f

PODFILE CHECKSUM: 151d56b17005c21587f5ef105bbdc53c32af7b61

COCOAPODS: 1.16.2
